// !$*UTF8*$!
{
	archiveVersion = 1;
	classes = {
	};
	objectVersion = 56;
	objects = {

/* Begin PBXBuildFile section */
		E4CA4AAD2AD201B90088D170 /* iDineApp.swift in Sources */ = {isa = PBXBuildFile; fileRef = E4CA4AAC2AD201B90088D170 /* iDineApp.swift */; };
		E4CA4AAF2AD201B90088D170 /* ContentView.swift in Sources */ = {isa = PBXBuildFile; fileRef = E4CA4AAE2AD201B90088D170 /* ContentView.swift */; };
		E4CA4AB12AD201BA0088D170 /* Assets.xcassets in Resources */ = {isa = PBXBuildFile; fileRef = E4CA4AB02AD201BA0088D170 /* Assets.xcassets */; };
		E4CA4AB42AD201BA0088D170 /* Preview Assets.xcassets in Resources */ = {isa = PBXBuildFile; fileRef = E4CA4AB32AD201BA0088D170 /* Preview Assets.xcassets */; };
		E4CA4ABE2AD201BA0088D170 /* iDineTests.swift in Sources */ = {isa = PBXBuildFile; fileRef = E4CA4ABD2AD201BA0088D170 /* iDineTests.swift */; };
		E4CA4AC82AD201BA0088D170 /* iDineUITests.swift in Sources */ = {isa = PBXBuildFile; fileRef = E4CA4AC72AD201BA0088D170 /* iDineUITests.swift */; };
		E4CA4ACA2AD201BA0088D170 /* iDineUITestsLaunchTests.swift in Sources */ = {isa = PBXBuildFile; fileRef = E4CA4AC92AD201BA0088D170 /* iDineUITestsLaunchTests.swift */; };
		E4CA4AD72AD202060088D170 /* Helper.swift in Sources */ = {isa = PBXBuildFile; fileRef = E4CA4AD62AD202060088D170 /* Helper.swift */; };
		E4CA4AD92AD202130088D170 /* Order.swift in Sources */ = {isa = PBXBuildFile; fileRef = E4CA4AD82AD202130088D170 /* Order.swift */; };
		E4CA4ADB2AD202190088D170 /* Menu.swift in Sources */ = {isa = PBXBuildFile; fileRef = E4CA4ADA2AD202190088D170 /* Menu.swift */; };
		E4CA4ADD2AD202240088D170 /* menu.json in Resources */ = {isa = PBXBuildFile; fileRef = E4CA4ADC2AD202240088D170 /* menu.json */; };
		E4CA4ADF2AD207640088D170 /* ItemRow.swift in Sources */ = {isa = PBXBuildFile; fileRef = E4CA4ADE2AD207640088D170 /* ItemRow.swift */; };
/* End PBXBuildFile section */

/* Begin PBXContainerItemProxy section */
		E4CA4ABA2AD201BA0088D170 /* PBXContainerItemProxy */ = {
			isa = PBXContainerItemProxy;
			containerPortal = E4CA4AA12AD201B90088D170 /* Project object */;
			proxyType = 1;
			remoteGlobalIDString = E4CA4AA82AD201B90088D170;
			remoteInfo = iDine;
		};
		E4CA4AC42AD201BA0088D170 /* PBXContainerItemProxy */ = {
			isa = PBXContainerItemProxy;
			containerPortal = E4CA4AA12AD201B90088D170 /* Project object */;
			proxyType = 1;
			remoteGlobalIDString = E4CA4AA82AD201B90088D170;
			remoteInfo = iDine;
		};
/* End PBXContainerItemProxy section */

/* Begin PBXFileReference section */
		E4CA4AA92AD201B90088D170 /* iDine.app */ = {isa = PBXFileReference; explicitFileType = wrapper.application; includeInIndex = 0; path = iDine.app; sourceTree = BUILT_PRODUCTS_DIR; };
		E4CA4AAC2AD201B90088D170 /* iDineApp.swift */ = {isa = PBXFileReference; lastKnownFileType = sourcecode.swift; path = iDineApp.swift; sourceTree = "<group>"; };
		E4CA4AAE2AD201B90088D170 /* ContentView.swift */ = {isa = PBXFileReference; lastKnownFileType = sourcecode.swift; path = ContentView.swift; sourceTree = "<group>"; };
		E4CA4AB02AD201BA0088D170 /* Assets.xcassets */ = {isa = PBXFileReference; lastKnownFileType = folder.assetcatalog; path = Assets.xcassets; sourceTree = "<group>"; };
		E4CA4AB32AD201BA0088D170 /* Preview Assets.xcassets */ = {isa = PBXFileReference; lastKnownFileType = folder.assetcatalog; path = "Preview Assets.xcassets"; sourceTree = "<group>"; };
		E4CA4AB92AD201BA0088D170 /* iDineTests.xctest */ = {isa = PBXFileReference; explicitFileType = wrapper.cfbundle; includeInIndex = 0; path = iDineTests.xctest; sourceTree = BUILT_PRODUCTS_DIR; };
		E4CA4ABD2AD201BA0088D170 /* iDineTests.swift */ = {isa = PBXFileReference; lastKnownFileType = sourcecode.swift; path = iDineTests.swift; sourceTree = "<group>"; };
		E4CA4AC32AD201BA0088D170 /* iDineUITests.xctest */ = {isa = PBXFileReference; explicitFileType = wrapper.cfbundle; includeInIndex = 0; path = iDineUITests.xctest; sourceTree = BUILT_PRODUCTS_DIR; };
		E4CA4AC72AD201BA0088D170 /* iDineUITests.swift */ = {isa = PBXFileReference; lastKnownFileType = sourcecode.swift; path = iDineUITests.swift; sourceTree = "<group>"; };
		E4CA4AC92AD201BA0088D170 /* iDineUITestsLaunchTests.swift */ = {isa = PBXFileReference; lastKnownFileType = sourcecode.swift; path = iDineUITestsLaunchTests.swift; sourceTree = "<group>"; };
		E4CA4AD62AD202060088D170 /* Helper.swift */ = {isa = PBXFileReference; fileEncoding = 4; lastKnownFileType = sourcecode.swift; path = Helper.swift; sourceTree = "<group>"; };
		E4CA4AD82AD202130088D170 /* Order.swift */ = {isa = PBXFileReference; fileEncoding = 4; lastKnownFileType = sourcecode.swift; path = Order.swift; sourceTree = "<group>"; };
		E4CA4ADA2AD202190088D170 /* Menu.swift */ = {isa = PBXFileReference; fileEncoding = 4; lastKnownFileType = sourcecode.swift; path = Menu.swift; sourceTree = "<group>"; };
		E4CA4ADC2AD202240088D170 /* menu.json */ = {isa = PBXFileReference; fileEncoding = 4; lastKnownFileType = text.json; path = menu.json; sourceTree = "<group>"; };
		E4CA4ADE2AD207640088D170 /* ItemRow.swift */ = {isa = PBXFileReference; lastKnownFileType = sourcecode.swift; path = ItemRow.swift; sourceTree = "<group>"; };
/* End PBXFileReference section */

/* Begin PBXFrameworksBuildPhase section */
		E4CA4AA62AD201B90088D170 /* Frameworks */ = {
			isa = PBXFrameworksBuildPhase;
			buildActionMask = 2147483647;
			files = (
			);
			runOnlyForDeploymentPostprocessing = 0;
		};
		E4CA4AB62AD201BA0088D170 /* Frameworks */ = {
			isa = PBXFrameworksBuildPhase;
			buildActionMask = 2147483647;
			files = (
			);
			runOnlyForDeploymentPostprocessing = 0;
		};
		E4CA4AC02AD201BA0088D170 /* Frameworks */ = {
			isa = PBXFrameworksBuildPhase;
			buildActionMask = 2147483647;
			files = (
			);
			runOnlyForDeploymentPostprocessing = 0;
		};
/* End PBXFrameworksBuildPhase section */

/* Begin PBXGroup section */
		E4CA4AA02AD201B90088D170 = {
			isa = PBXGroup;
			children = (
				E4CA4AAB2AD201B90088D170 /* iDine */,
				E4CA4ABC2AD201BA0088D170 /* iDineTests */,
				E4CA4AC62AD201BA0088D170 /* iDineUITests */,
				E4CA4AAA2AD201B90088D170 /* Products */,
			);
			sourceTree = "<group>";
		};
		E4CA4AAA2AD201B90088D170 /* Products */ = {
			isa = PBXGroup;
			children = (
				E4CA4AA92AD201B90088D170 /* iDine.app */,
				E4CA4AB92AD201BA0088D170 /* iDineTests.xctest */,
				E4CA4AC32AD201BA0088D170 /* iDineUITests.xctest */,
			);
			name = Products;
			sourceTree = "<group>";
		};
		E4CA4AAB2AD201B90088D170 /* iDine */ = {
			isa = PBXGroup;
			children = (
				E4CA4AAC2AD201B90088D170 /* iDineApp.swift */,
				E4CA4AAE2AD201B90088D170 /* ContentView.swift */,
				E4CA4ADE2AD207640088D170 /* ItemRow.swift */,
				E4CA4AD82AD202130088D170 /* Order.swift */,
				E4CA4ADA2AD202190088D170 /* Menu.swift */,
				E4CA4AD62AD202060088D170 /* Helper.swift */,
				E4CA4ADC2AD202240088D170 /* menu.json */,
				E4CA4AB02AD201BA0088D170 /* Assets.xcassets */,
				E4CA4AB22AD201BA0088D170 /* Preview Content */,
			);
			path = iDine;
			sourceTree = "<group>";
		};
		E4CA4AB22AD201BA0088D170 /* Preview Content */ = {
			isa = PBXGroup;
			children = (
				E4CA4AB32AD201BA0088D170 /* Preview Assets.xcassets */,
			);
			path = "Preview Content";
			sourceTree = "<group>";
		};
		E4CA4ABC2AD201BA0088D170 /* iDineTests */ = {
			isa = PBXGroup;
			children = (
				E4CA4ABD2AD201BA0088D170 /* iDineTests.swift */,
			);
			path = iDineTests;
			sourceTree = "<group>";
		};
		E4CA4AC62AD201BA0088D170 /* iDineUITests */ = {
			isa = PBXGroup;
			children = (
				E4CA4AC72AD201BA0088D170 /* iDineUITests.swift */,
				E4CA4AC92AD201BA0088D170 /* iDineUITestsLaunchTests.swift */,
			);
			path = iDineUITests;
			sourceTree = "<group>";
		};
/* End PBXGroup section */

/* Begin PBXNativeTarget section */
		E4CA4AA82AD201B90088D170 /* iDine */ = {
			isa = PBXNativeTarget;
			buildConfigurationList = E4CA4ACD2AD201BA0088D170 /* Build configuration list for PBXNativeTarget "iDine" */;
			buildPhases = (
				E4CA4AA52AD201B90088D170 /* Sources */,
				E4CA4AA62AD201B90088D170 /* Frameworks */,
				E4CA4AA72AD201B90088D170 /* Resources */,
			);
			buildRules = (
			);
			dependencies = (
			);
			name = iDine;
			productName = iDine;
			productReference = E4CA4AA92AD201B90088D170 /* iDine.app */;
			productType = "com.apple.product-type.application";
		};
		E4CA4AB82AD201BA0088D170 /* iDineTests */ = {
			isa = PBXNativeTarget;
			buildConfigurationList = E4CA4AD02AD201BA0088D170 /* Build configuration list for PBXNativeTarget "iDineTests" */;
			buildPhases = (
				E4CA4AB52AD201BA0088D170 /* Sources */,
				E4CA4AB62AD201BA0088D170 /* Frameworks */,
				E4CA4AB72AD201BA0088D170 /* Resources */,
			);
			buildRules = (
			);
			dependencies = (
				E4CA4ABB2AD201BA0088D170 /* PBXTargetDependency */,
			);
			name = iDineTests;
			productName = iDineTests;
			productReference = E4CA4AB92AD201BA0088D170 /* iDineTests.xctest */;
			productType = "com.apple.product-type.bundle.unit-test";
		};
		E4CA4AC22AD201BA0088D170 /* iDineUITests */ = {
			isa = PBXNativeTarget;
			buildConfigurationList = E4CA4AD32AD201BA0088D170 /* Build configuration list for PBXNativeTarget "iDineUITests" */;
			buildPhases = (
				E4CA4ABF2AD201BA0088D170 /* Sources */,
				E4CA4AC02AD201BA0088D170 /* Frameworks */,
				E4CA4AC12AD201BA0088D170 /* Resources */,
			);
			buildRules = (
			);
			dependencies = (
				E4CA4AC52AD201BA0088D170 /* PBXTargetDependency */,
			);
			name = iDineUITests;
			productName = iDineUITests;
			productReference = E4CA4AC32AD201BA0088D170 /* iDineUITests.xctest */;
			productType = "com.apple.product-type.bundle.ui-testing";
		};
/* End PBXNativeTarget section */

/* Begin PBXProject section */
		E4CA4AA12AD201B90088D170 /* Project object */ = {
			isa = PBXProject;
			attributes = {
				BuildIndependentTargetsInParallel = 1;
				LastSwiftUpdateCheck = 1500;
				LastUpgradeCheck = 1500;
				TargetAttributes = {
					E4CA4AA82AD201B90088D170 = {
						CreatedOnToolsVersion = 15.0;
					};
					E4CA4AB82AD201BA0088D170 = {
						CreatedOnToolsVersion = 15.0;
						TestTargetID = E4CA4AA82AD201B90088D170;
					};
					E4CA4AC22AD201BA0088D170 = {
						CreatedOnToolsVersion = 15.0;
						TestTargetID = E4CA4AA82AD201B90088D170;
					};
				};
			};
			buildConfigurationList = E4CA4AA42AD201B90088D170 /* Build configuration list for PBXProject "iDine" */;
			compatibilityVersion = "Xcode 14.0";
			developmentRegion = en;
			hasScannedForEncodings = 0;
			knownRegions = (
				en,
				Base,
			);
			mainGroup = E4CA4AA02AD201B90088D170;
			productRefGroup = E4CA4AAA2AD201B90088D170 /* Products */;
			projectDirPath = "";
			projectRoot = "";
			targets = (
				E4CA4AA82AD201B90088D170 /* iDine */,
				E4CA4AB82AD201BA0088D170 /* iDineTests */,
				E4CA4AC22AD201BA0088D170 /* iDineUITests */,
			);
		};
/* End PBXProject section */

/* Begin PBXResourcesBuildPhase section */
		E4CA4AA72AD201B90088D170 /* Resources */ = {
			isa = PBXResourcesBuildPhase;
			buildActionMask = 2147483647;
			files = (
				E4CA4ADD2AD202240088D170 /* menu.json in Resources */,
				E4CA4AB42AD201BA0088D170 /* Preview Assets.xcassets in Resources */,
				E4CA4AB12AD201BA0088D170 /* Assets.xcassets in Resources */,
			);
			runOnlyForDeploymentPostprocessing = 0;
		};
		E4CA4AB72AD201BA0088D170 /* Resources */ = {
			isa = PBXResourcesBuildPhase;
			buildActionMask = 2147483647;
			files = (
			);
			runOnlyForDeploymentPostprocessing = 0;
		};
		E4CA4AC12AD201BA0088D170 /* Resources */ = {
			isa = PBXResourcesBuildPhase;
			buildActionMask = 2147483647;
			files = (
			);
			runOnlyForDeploymentPostprocessing = 0;
		};
/* End PBXResourcesBuildPhase section */

/* Begin PBXSourcesBuildPhase section */
		E4CA4AA52AD201B90088D170 /* Sources */ = {
			isa = PBXSourcesBuildPhase;
			buildActionMask = 2147483647;
			files = (
				E4CA4AAF2AD201B90088D170 /* ContentView.swift in Sources */,
				E4CA4AAD2AD201B90088D170 /* iDineApp.swift in Sources */,
				E4CA4AD92AD202130088D170 /* Order.swift in Sources */,
				E4CA4ADF2AD207640088D170 /* ItemRow.swift in Sources */,
				E4CA4AD72AD202060088D170 /* Helper.swift in Sources */,
				E4CA4ADB2AD202190088D170 /* Menu.swift in Sources */,
			);
			runOnlyForDeploymentPostprocessing = 0;
		};
		E4CA4AB52AD201BA0088D170 /* Sources */ = {
			isa = PBXSourcesBuildPhase;
			buildActionMask = 2147483647;
			files = (
				E4CA4ABE2AD201BA0088D170 /* iDineTests.swift in Sources */,
			);
			runOnlyForDeploymentPostprocessing = 0;
		};
		E4CA4ABF2AD201BA0088D170 /* Sources */ = {
			isa = PBXSourcesBuildPhase;
			buildActionMask = 2147483647;
			files = (
				E4CA4ACA2AD201BA0088D170 /* iDineUITestsLaunchTests.swift in Sources */,
				E4CA4AC82AD201BA0088D170 /* iDineUITests.swift in Sources */,
			);
			runOnlyForDeploymentPostprocessing = 0;
		};
/* End PBXSourcesBuildPhase section */

/* Begin PBXTargetDependency section */
		E4CA4ABB2AD201BA0088D170 /* PBXTargetDependency */ = {
			isa = PBXTargetDependency;
			target = E4CA4AA82AD201B90088D170 /* iDine */;
			targetProxy = E4CA4ABA2AD201BA0088D170 /* PBXContainerItemProxy */;
		};
		E4CA4AC52AD201BA0088D170 /* PBXTargetDependency */ = {
			isa = PBXTargetDependency;
			target = E4CA4AA82AD201B90088D170 /* iDine */;
			targetProxy = E4CA4AC42AD201BA0088D170 /* PBXContainerItemProxy */;
		};
/* End PBXTargetDependency section */

/* Begin XCBuildConfiguration section */
		E4CA4ACB2AD201BA0088D170 /* Debug */ = {
			isa = XCBuildConfiguration;
			buildSettings = {
				ALWAYS_SEARCH_USER_PATHS = NO;
				ASSETCATALOG_COMPILER_GENERATE_SWIFT_ASSET_SYMBOL_EXTENSIONS = YES;
				CLANG_ANALYZER_NONNULL = YES;
				CLANG_ANALYZER_NUMBER_OBJECT_CONVERSION = YES_AGGRESSIVE;
				CLANG_CXX_LANGUAGE_STANDARD = "gnu++20";
				CLANG_ENABLE_MODULES = YES;
				CLANG_ENABLE_OBJC_ARC = YES;
				CLANG_ENABLE_OBJC_WEAK = YES;
				CLANG_WARN_BLOCK_CAPTURE_AUTORELEASING = YES;
				CLANG_WARN_BOOL_CONVERSION = YES;
				CLANG_WARN_COMMA = YES;
				CLANG_WARN_CONSTANT_CONVERSION = YES;
				CLANG_WARN_DEPRECATED_OBJC_IMPLEMENTATIONS = YES;
				CLANG_WARN_DIRECT_OBJC_ISA_USAGE = YES_ERROR;
				CLANG_WARN_DOCUMENTATION_COMMENTS = YES;
				CLANG_WARN_EMPTY_BODY = YES;
				CLANG_WARN_ENUM_CONVERSION = YES;
				CLANG_WARN_INFINITE_RECURSION = YES;
				CLANG_WARN_INT_CONVERSION = YES;
				CLANG_WARN_NON_LITERAL_NULL_CONVERSION = YES;
				CLANG_WARN_OBJC_IMPLICIT_RETAIN_SELF = YES;
				CLANG_WARN_OBJC_LITERAL_CONVERSION = YES;
				CLANG_WARN_OBJC_ROOT_CLASS = YES_ERROR;
				CLANG_WARN_QUOTED_INCLUDE_IN_FRAMEWORK_HEADER = YES;
				CLANG_WARN_RANGE_LOOP_ANALYSIS = YES;
				CLANG_WARN_STRICT_PROTOTYPES = YES;
				CLANG_WARN_SUSPICIOUS_MOVE = YES;
				CLANG_WARN_UNGUARDED_AVAILABILITY = YES_AGGRESSIVE;
				CLANG_WARN_UNREACHABLE_CODE = YES;
				CLANG_WARN__DUPLICATE_METHOD_MATCH = YES;
				COPY_PHASE_STRIP = NO;
				DEBUG_INFORMATION_FORMAT = dwarf;
				ENABLE_STRICT_OBJC_MSGSEND = YES;
				ENABLE_TESTABILITY = YES;
				ENABLE_USER_SCRIPT_SANDBOXING = YES;
				GCC_C_LANGUAGE_STANDARD = gnu17;
				GCC_DYNAMIC_NO_PIC = NO;
				GCC_NO_COMMON_BLOCKS = YES;
				GCC_OPTIMIZATION_LEVEL = 0;
				GCC_PREPROCESSOR_DEFINITIONS = (
					"DEBUG=1",
					"$(inherited)",
				);
				GCC_WARN_64_TO_32_BIT_CONVERSION = YES;
				GCC_WARN_ABOUT_RETURN_TYPE = YES_ERROR;
				GCC_WARN_UNDECLARED_SELECTOR = YES;
				GCC_WARN_UNINITIALIZED_AUTOS = YES_AGGRESSIVE;
				GCC_WARN_UNUSED_FUNCTION = YES;
				GCC_WARN_UNUSED_VARIABLE = YES;
				IPHONEOS_DEPLOYMENT_TARGET = 17.0;
				LOCALIZATION_PREFERS_STRING_CATALOGS = YES;
				MTL_ENABLE_DEBUG_INFO = INCLUDE_SOURCE;
				MTL_FAST_MATH = YES;
				ONLY_ACTIVE_ARCH = YES;
				SDKROOT = iphoneos;
				SWIFT_ACTIVE_COMPILATION_CONDITIONS = "DEBUG $(inherited)";
				SWIFT_OPTIMIZATION_LEVEL = "-Onone";
			};
			name = Debug;
		};
		E4CA4ACC2AD201BA0088D170 /* Release */ = {
			isa = XCBuildConfiguration;
			buildSettings = {
				ALWAYS_SEARCH_USER_PATHS = NO;
				ASSETCATALOG_COMPILER_GENERATE_SWIFT_ASSET_SYMBOL_EXTENSIONS = YES;
				CLANG_ANALYZER_NONNULL = YES;
				CLANG_ANALYZER_NUMBER_OBJECT_CONVERSION = YES_AGGRESSIVE;
				CLANG_CXX_LANGUAGE_STANDARD = "gnu++20";
				CLANG_ENABLE_MODULES = YES;
				CLANG_ENABLE_OBJC_ARC = YES;
				CLANG_ENABLE_OBJC_WEAK = YES;
				CLANG_WARN_BLOCK_CAPTURE_AUTORELEASING = YES;
				CLANG_WARN_BOOL_CONVERSION = YES;
				CLANG_WARN_COMMA = YES;
				CLANG_WARN_CONSTANT_CONVERSION = YES;
				CLANG_WARN_DEPRECATED_OBJC_IMPLEMENTATIONS = YES;
				CLANG_WARN_DIRECT_OBJC_ISA_USAGE = YES_ERROR;
				CLANG_WARN_DOCUMENTATION_COMMENTS = YES;
				CLANG_WARN_EMPTY_BODY = YES;
				CLANG_WARN_ENUM_CONVERSION = YES;
				CLANG_WARN_INFINITE_RECURSION = YES;
				CLANG_WARN_INT_CONVERSION = YES;
				CLANG_WARN_NON_LITERAL_NULL_CONVERSION = YES;
				CLANG_WARN_OBJC_IMPLICIT_RETAIN_SELF = YES;
				CLANG_WARN_OBJC_LITERAL_CONVERSION = YES;
				CLANG_WARN_OBJC_ROOT_CLASS = YES_ERROR;
				CLANG_WARN_QUOTED_INCLUDE_IN_FRAMEWORK_HEADER = YES;
				CLANG_WARN_RANGE_LOOP_ANALYSIS = YES;
				CLANG_WARN_STRICT_PROTOTYPES = YES;
				CLANG_WARN_SUSPICIOUS_MOVE = YES;
				CLANG_WARN_UNGUARDED_AVAILABILITY = YES_AGGRESSIVE;
				CLANG_WARN_UNREACHABLE_CODE = YES;
				CLANG_WARN__DUPLICATE_METHOD_MATCH = YES;
				COPY_PHASE_STRIP = NO;
				DEBUG_INFORMATION_FORMAT = "dwarf-with-dsym";
				ENABLE_NS_ASSERTIONS = NO;
				ENABLE_STRICT_OBJC_MSGSEND = YES;
				ENABLE_USER_SCRIPT_SANDBOXING = YES;
				GCC_C_LANGUAGE_STANDARD = gnu17;
				GCC_NO_COMMON_BLOCKS = YES;
				GCC_WARN_64_TO_32_BIT_CONVERSION = YES;
				GCC_WARN_ABOUT_RETURN_TYPE = YES_ERROR;
				GCC_WARN_UNDECLARED_SELECTOR = YES;
				GCC_WARN_UNINITIALIZED_AUTOS = YES_AGGRESSIVE;
				GCC_WARN_UNUSED_FUNCTION = YES;
				GCC_WARN_UNUSED_VARIABLE = YES;
				IPHONEOS_DEPLOYMENT_TARGET = 17.0;
				LOCALIZATION_PREFERS_STRING_CATALOGS = YES;
				MTL_ENABLE_DEBUG_INFO = NO;
				MTL_FAST_MATH = YES;
				SDKROOT = iphoneos;
				SWIFT_COMPILATION_MODE = wholemodule;
				VALIDATE_PRODUCT = YES;
			};
			name = Release;
		};
		E4CA4ACE2AD201BA0088D170 /* Debug */ = {
			isa = XCBuildConfiguration;
			buildSettings = {
				ASSETCATALOG_COMPILER_APPICON_NAME = AppIcon;
				ASSETCATALOG_COMPILER_GLOBAL_ACCENT_COLOR_NAME = AccentColor;
				CODE_SIGN_STYLE = Automatic;
				CURRENT_PROJECT_VERSION = 1;
				DEVELOPMENT_ASSET_PATHS = "\"iDine/Preview Content\"";
				DEVELOPMENT_TEAM = WHP9Z6BC8S;
				ENABLE_PREVIEWS = YES;
				GENERATE_INFOPLIST_FILE = YES;
				INFOPLIST_KEY_UIApplicationSceneManifest_Generation = YES;
				INFOPLIST_KEY_UIApplicationSupportsIndirectInputEvents = YES;
				INFOPLIST_KEY_UILaunchScreen_Generation = YES;
				INFOPLIST_KEY_UISupportedInterfaceOrientations_iPad = "UIInterfaceOrientationPortrait UIInterfaceOrientationPortraitUpsideDown UIInterfaceOrientationLandscapeLeft UIInterfaceOrientationLandscapeRight";
				INFOPLIST_KEY_UISupportedInterfaceOrientations_iPhone = "UIInterfaceOrientationPortrait UIInterfaceOrientationLandscapeLeft UIInterfaceOrientationLandscapeRight";
				LD_RUNPATH_SEARCH_PATHS = (
					"$(inherited)",
					"@executable_path/Frameworks",
				);
				MARKETING_VERSION = 1.0;
				PRODUCT_BUNDLE_IDENTIFIER = zeljkolucic.iDine;
				PRODUCT_NAME = "$(TARGET_NAME)";
				SWIFT_EMIT_LOC_STRINGS = YES;
				SWIFT_VERSION = 5.0;
				TARGETED_DEVICE_FAMILY = "1,2";
			};
			name = Debug;
		};
		E4CA4ACF2AD201BA0088D170 /* Release */ = {
			isa = XCBuildConfiguration;
			buildSettings = {
				ASSETCATALOG_COMPILER_APPICON_NAME = AppIcon;
				ASSETCATALOG_COMPILER_GLOBAL_ACCENT_COLOR_NAME = AccentColor;
				CODE_SIGN_STYLE = Automatic;
				CURRENT_PROJECT_VERSION = 1;
				DEVELOPMENT_ASSET_PATHS = "\"iDine/Preview Content\"";
				DEVELOPMENT_TEAM = WHP9Z6BC8S;
				ENABLE_PREVIEWS = YES;
				GENERATE_INFOPLIST_FILE = YES;
				INFOPLIST_KEY_UIApplicationSceneManifest_Generation = YES;
				INFOPLIST_KEY_UIApplicationSupportsIndirectInputEvents = YES;
				INFOPLIST_KEY_UILaunchScreen_Generation = YES;
				INFOPLIST_KEY_UISupportedInterfaceOrientations_iPad = "UIInterfaceOrientationPortrait UIInterfaceOrientationPortraitUpsideDown UIInterfaceOrientationLandscapeLeft UIInterfaceOrientationLandscapeRight";
				INFOPLIST_KEY_UISupportedInterfaceOrientations_iPhone = "UIInterfaceOrientationPortrait UIInterfaceOrientationLandscapeLeft UIInterfaceOrientationLandscapeRight";
				LD_RUNPATH_SEARCH_PATHS = (
					"$(inherited)",
					"@executable_path/Frameworks",
				);
				MARKETING_VERSION = 1.0;
				PRODUCT_BUNDLE_IDENTIFIER = zeljkolucic.iDine;
				PRODUCT_NAME = "$(TARGET_NAME)";
				SWIFT_EMIT_LOC_STRINGS = YES;
				SWIFT_VERSION = 5.0;
				TARGETED_DEVICE_FAMILY = "1,2";
			};
			name = Release;
		};
		E4CA4AD12AD201BA0088D170 /* Debug */ = {
			isa = XCBuildConfiguration;
			buildSettings = {
				ALWAYS_EMBED_SWIFT_STANDARD_LIBRARIES = YES;
				BUNDLE_LOADER = "$(TEST_HOST)";
				CODE_SIGN_STYLE = Automatic;
				CURRENT_PROJECT_VERSION = 1;
				DEVELOPMENT_TEAM = WHP9Z6BC8S;
				GENERATE_INFOPLIST_FILE = YES;
				IPHONEOS_DEPLOYMENT_TARGET = 17.0;
				MARKETING_VERSION = 1.0;
				PRODUCT_BUNDLE_IDENTIFIER = zeljkolucic.iDineTests;
				PRODUCT_NAME = "$(TARGET_NAME)";
				SWIFT_EMIT_LOC_STRINGS = NO;
				SWIFT_VERSION = 5.0;
				TARGETED_DEVICE_FAMILY = "1,2";
				TEST_HOST = "$(BUILT_PRODUCTS_DIR)/iDine.app/$(BUNDLE_EXECUTABLE_FOLDER_PATH)/iDine";
			};
			name = Debug;
		};
		E4CA4AD22AD201BA0088D170 /* Release */ = {
			isa = XCBuildConfiguration;
			buildSettings = {
				ALWAYS_EMBED_SWIFT_STANDARD_LIBRARIES = YES;
				BUNDLE_LOADER = "$(TEST_HOST)";
				CODE_SIGN_STYLE = Automatic;
				CURRENT_PROJECT_VERSION = 1;
				DEVELOPMENT_TEAM = WHP9Z6BC8S;
				GENERATE_INFOPLIST_FILE = YES;
				IPHONEOS_DEPLOYMENT_TARGET = 17.0;
				MARKETING_VERSION = 1.0;
				PRODUCT_BUNDLE_IDENTIFIER = zeljkolucic.iDineTests;
				PRODUCT_NAME = "$(TARGET_NAME)";
				SWIFT_EMIT_LOC_STRINGS = NO;
				SWIFT_VERSION = 5.0;
				TARGETED_DEVICE_FAMILY = "1,2";
				TEST_HOST = "$(BUILT_PRODUCTS_DIR)/iDine.app/$(BUNDLE_EXECUTABLE_FOLDER_PATH)/iDine";
			};
			name = Release;
		};
		E4CA4AD42AD201BA0088D170 /* Debug */ = {
			isa = XCBuildConfiguration;
			buildSettings = {
				ALWAYS_EMBED_SWIFT_STANDARD_LIBRARIES = YES;
				CODE_SIGN_STYLE = Automatic;
				CURRENT_PROJECT_VERSION = 1;
				DEVELOPMENT_TEAM = WHP9Z6BC8S;
				GENERATE_INFOPLIST_FILE = YES;
				MARKETING_VERSION = 1.0;
				PRODUCT_BUNDLE_IDENTIFIER = zeljkolucic.iDineUITests;
				PRODUCT_NAME = "$(TARGET_NAME)";
				SWIFT_EMIT_LOC_STRINGS = NO;
				SWIFT_VERSION = 5.0;
				TARGETED_DEVICE_FAMILY = "1,2";
				TEST_TARGET_NAME = iDine;
			};
			name = Debug;
		};
		E4CA4AD52AD201BA0088D170 /* Release */ = {
			isa = XCBuildConfiguration;
			buildSettings = {
				ALWAYS_EMBED_SWIFT_STANDARD_LIBRARIES = YES;
				CODE_SIGN_STYLE = Automatic;
				CURRENT_PROJECT_VERSION = 1;
				DEVELOPMENT_TEAM = WHP9Z6BC8S;
				GENERATE_INFOPLIST_FILE = YES;
				MARKETING_VERSION = 1.0;
				PRODUCT_BUNDLE_IDENTIFIER = zeljkolucic.iDineUITests;
				PRODUCT_NAME = "$(TARGET_NAME)";
				SWIFT_EMIT_LOC_STRINGS = NO;
				SWIFT_VERSION = 5.0;
				TARGETED_DEVICE_FAMILY = "1,2";
				TEST_TARGET_NAME = iDine;
			};
			name = Release;
		};
/* End XCBuildConfiguration section */

/* Begin XCConfigurationList section */
		E4CA4AA42AD201B90088D170 /* Build configuration list for PBXProject "iDine" */ = {
			isa = XCConfigurationList;
			buildConfigurations = (
				E4CA4ACB2AD201BA0088D170 /* Debug */,
				E4CA4ACC2AD201BA0088D170 /* Release */,
			);
			defaultConfigurationIsVisible = 0;
			defaultConfigurationName = Release;
		};
		E4CA4ACD2AD201BA0088D170 /* Build configuration list for PBXNativeTarget "iDine" */ = {
			isa = XCConfigurationList;
			buildConfigurations = (
				E4CA4ACE2AD201BA0088D170 /* Debug */,
				E4CA4ACF2AD201BA0088D170 /* Release */,
			);
			defaultConfigurationIsVisible = 0;
			defaultConfigurationName = Release;
		};
		E4CA4AD02AD201BA0088D170 /* Build configuration list for PBXNativeTarget "iDineTests" */ = {
			isa = XCConfigurationList;
			buildConfigurations = (
				E4CA4AD12AD201BA0088D170 /* Debug */,
				E4CA4AD22AD201BA0088D170 /* Release */,
			);
			defaultConfigurationIsVisible = 0;
			defaultConfigurationName = Release;
		};
		E4CA4AD32AD201BA0088D170 /* Build configuration list for PBXNativeTarget "iDineUITests" */ = {
			isa = XCConfigurationList;
			buildConfigurations = (
				E4CA4AD42AD201BA0088D170 /* Debug */,
				E4CA4AD52AD201BA0088D170 /* Release */,
			);
			defaultConfigurationIsVisible = 0;
			defaultConfigurationName = Release;
		};
/* End XCConfigurationList section */
	};
	rootObject = E4CA4AA12AD201B90088D170 /* Project object */;
}
